
Microsoft Visual Studio Solution File, Format Version 12.00
# Visual Studio Version 17
VisualStudioVersion = 17.14.37111.16 d17.14
MinimumVisualStudioVersion = 10.0.40219.1
Project("{FAE04EC0-301F-11D3-BF4B-00C04F79EFBC}") = "Calculatrice", "Calculatrice\Calculatrice.csproj", "{C97C7E3A-EA0A-44DC-86AF-05BAECA1874F}"
EndProject
Global
	GlobalSection(SolutionConfigurationPlatforms) = preSolution
		Debug|Any CPU = Debug|Any CPU
		Release|Any CPU = Release|Any CPU
	EndGlobalSection
	GlobalSection(ProjectConfigurationPlatforms) = postSolution
		{C97C7E3A-EA0A-44DC-86AF-05BAECA1874F}.Debug|Any CPU.ActiveCfg = Debug|Any CPU
		{C97C7E3A-EA0A-44DC-86AF-05BAECA1874F}.Debug|Any CPU.Build.0 = Debug|Any CPU
		{C97C7E3A-EA0A-44DC-86AF-05BAECA1874F}.Release|Any CPU.ActiveCfg = Release|Any CPU
		{C97C7E3A-EA0A-44DC-86AF-05BAECA1874F}.Release|Any CPU.Build.0 = Release|Any CPU
	EndGlobalSection
	GlobalSection(SolutionProperties) = preSolution
		HideSolutionNode = FALSE
	EndGlobalSection
	GlobalSection(ExtensibilityGlobals) = postSolution
		SolutionGuid = {0E264667-47E8-4DF8-930E-1471AFDD397D}
	EndGlobalSection
EndGlobal
